// !$*UTF8*$!
{
	archiveVersion = 1;
	classes = {
	};
	objectVersion = 55;
	objects = {

/* Begin PBXBuildFile section */
		0EBFA9F2290118F6007625B4 /* AppDelegate.swift in Sources */ = {isa = PBXBuildFile; fileRef = 0EBFA9F1290118F6007625B4 /* AppDelegate.swift */; };
		0EBFA9F4290118F6007625B4 /* SceneDelegate.swift in Sources */ = {isa = PBXBuildFile; fileRef = 0EBFA9F3290118F6007625B4 /* SceneDelegate.swift */; };
		0EBFA9F6290118F6007625B4 /* ViewController.swift in Sources */ = {isa = PBXBuildFile; fileRef = 0EBFA9F5290118F6007625B4 /* ViewController.swift */; };
		0EBFA9F9290118F6007625B4 /* Main.storyboard in Resources */ = {isa = PBXBuildFile; fileRef = 0EBFA9F7290118F6007625B4 /* Main.storyboard */; };
		0EBFA9FB290118F8007625B4 /* Assets.xcassets in Resources */ = {isa = PBXBuildFile; fileRef = 0EBFA9FA290118F8007625B4 /* Assets.xcassets */; };
		0EBFA9FE290118F8007625B4 /* LaunchScreen.storyboard in Resources */ = {isa = PBXBuildFile; fileRef = 0EBFA9FC290118F8007625B4 /* LaunchScreen.storyboard */; };
		0EBFAA0629011AEF007625B4 /* NextLevelSessionController.swift in Sources */ = {isa = PBXBuildFile; fileRef = 0EBFAA0529011AEF007625B4 /* NextLevelSessionController.swift */; };
		0EBFAA1829011CA2007625B4 /* UIScrollView+.swift in Sources */ = {isa = PBXBuildFile; fileRef = 0EBFAA0829011CA1007625B4 /* UIScrollView+.swift */; };
		0EBFAA1929011CA2007625B4 /* String+.swift in Sources */ = {isa = PBXBuildFile; fileRef = 0EBFAA0929011CA1007625B4 /* String+.swift */; };
		0EBFAA1A29011CA2007625B4 /* TimeInterval+.swift in Sources */ = {isa = PBXBuildFile; fileRef = 0EBFAA0A29011CA1007625B4 /* TimeInterval+.swift */; };
		0EBFAA1B29011CA2007625B4 /* UIStackView+.swift in Sources */ = {isa = PBXBuildFile; fileRef = 0EBFAA0B29011CA1007625B4 /* UIStackView+.swift */; };
		0EBFAA1C29011CA2007625B4 /* UUID+.swift in Sources */ = {isa = PBXBuildFile; fileRef = 0EBFAA0C29011CA1007625B4 /* UUID+.swift */; };
		0EBFAA1D29011CA2007625B4 /* UIButton+.swift in Sources */ = {isa = PBXBuildFile; fileRef = 0EBFAA0D29011CA1007625B4 /* UIButton+.swift */; };
		0EBFAA1E29011CA2007625B4 /* CGAffineTransform+.swift in Sources */ = {isa = PBXBuildFile; fileRef = 0EBFAA0E29011CA1007625B4 /* CGAffineTransform+.swift */; };
		0EBFAA1F29011CA2007625B4 /* Duration+.swift in Sources */ = {isa = PBXBuildFile; fileRef = 0EBFAA0F29011CA1007625B4 /* Duration+.swift */; };
		0EBFAA2029011CA2007625B4 /* AVAsset+.swift in Sources */ = {isa = PBXBuildFile; fileRef = 0EBFAA1029011CA1007625B4 /* AVAsset+.swift */; };
		0EBFAA2129011CA2007625B4 /* FileManager+.swift in Sources */ = {isa = PBXBuildFile; fileRef = 0EBFAA1129011CA1007625B4 /* FileManager+.swift */; };
		0EBFAA2229011CA2007625B4 /* UIFont+.swift in Sources */ = {isa = PBXBuildFile; fileRef = 0EBFAA1229011CA1007625B4 /* UIFont+.swift */; };
		0EBFAA2329011CA2007625B4 /* UIView+.swift in Sources */ = {isa = PBXBuildFile; fileRef = 0EBFAA1329011CA1007625B4 /* UIView+.swift */; };
		0EBFAA2429011CA2007625B4 /* UIImage+.swift in Sources */ = {isa = PBXBuildFile; fileRef = 0EBFAA1429011CA1007625B4 /* UIImage+.swift */; };
		0EBFAA2529011CA2007625B4 /* UIViewController+.swift in Sources */ = {isa = PBXBuildFile; fileRef = 0EBFAA1529011CA1007625B4 /* UIViewController+.swift */; };
		0EBFAA2629011CA2007625B4 /* Date+.swift in Sources */ = {isa = PBXBuildFile; fileRef = 0EBFAA1629011CA1007625B4 /* Date+.swift */; };
		0EBFAA2729011CA2007625B4 /* UILabel+.swift in Sources */ = {isa = PBXBuildFile; fileRef = 0EBFAA1729011CA2007625B4 /* UILabel+.swift */; };
		0EBFAA2929012E73007625B4 /* PromptViewController.swift in Sources */ = {isa = PBXBuildFile; fileRef = 0EBFAA2829012E73007625B4 /* PromptViewController.swift */; };
		EE8967DF0AA56664FD986B6E /* Pods_CandidCamera.framework in Frameworks */ = {isa = PBXBuildFile; fileRef = BA802B5BDC119A92B776397A /* Pods_CandidCamera.framework */; };
/* End PBXBuildFile section */

/* Begin PBXFileReference section */
		0EBFA9EE290118F6007625B4 /* CandidCamera.app */ = {isa = PBXFileReference; explicitFileType = wrapper.application; includeInIndex = 0; path = CandidCamera.app; sourceTree = BUILT_PRODUCTS_DIR; };
		0EBFA9F1290118F6007625B4 /* AppDelegate.swift */ = {isa = PBXFileReference; lastKnownFileType = sourcecode.swift; path = AppDelegate.swift; sourceTree = "<group>"; };
		0EBFA9F3290118F6007625B4 /* SceneDelegate.swift */ = {isa = PBXFileReference; lastKnownFileType = sourcecode.swift; path = SceneDelegate.swift; sourceTree = "<group>"; };
		0EBFA9F5290118F6007625B4 /* ViewController.swift */ = {isa = PBXFileReference; lastKnownFileType = sourcecode.swift; path = ViewController.swift; sourceTree = "<group>"; };
		0EBFA9F8290118F6007625B4 /* Base */ = {isa = PBXFileReference; lastKnownFileType = file.storyboard; name = Base; path = Base.lproj/Main.storyboard; sourceTree = "<group>"; };
		0EBFA9FA290118F8007625B4 /* Assets.xcassets */ = {isa = PBXFileReference; lastKnownFileType = folder.assetcatalog; path = Assets.xcassets; sourceTree = "<group>"; };
		0EBFA9FD290118F8007625B4 /* Base */ = {isa = PBXFileReference; lastKnownFileType = file.storyboard; name = Base; path = Base.lproj/LaunchScreen.storyboard; sourceTree = "<group>"; };
		0EBFA9FF290118F8007625B4 /* Info.plist */ = {isa = PBXFileReference; lastKnownFileType = text.plist.xml; path = Info.plist; sourceTree = "<group>"; };
		0EBFAA0529011AEF007625B4 /* NextLevelSessionController.swift */ = {isa = PBXFileReference; lastKnownFileType = sourcecode.swift; path = NextLevelSessionController.swift; sourceTree = "<group>"; };
		0EBFAA0829011CA1007625B4 /* UIScrollView+.swift */ = {isa = PBXFileReference; fileEncoding = 4; lastKnownFileType = sourcecode.swift; path = "UIScrollView+.swift"; sourceTree = "<group>"; };
		0EBFAA0929011CA1007625B4 /* String+.swift */ = {isa = PBXFileReference; fileEncoding = 4; lastKnownFileType = sourcecode.swift; path = "String+.swift"; sourceTree = "<group>"; };
		0EBFAA0A29011CA1007625B4 /* TimeInterval+.swift */ = {isa = PBXFileReference; fileEncoding = 4; lastKnownFileType = sourcecode.swift; path = "TimeInterval+.swift"; sourceTree = "<group>"; };
		0EBFAA0B29011CA1007625B4 /* UIStackView+.swift */ = {isa = PBXFileReference; fileEncoding = 4; lastKnownFileType = sourcecode.swift; path = "UIStackView+.swift"; sourceTree = "<group>"; };
		0EBFAA0C29011CA1007625B4 /* UUID+.swift */ = {isa = PBXFileReference; fileEncoding = 4; lastKnownFileType = sourcecode.swift; path = "UUID+.swift"; sourceTree = "<group>"; };
		0EBFAA0D29011CA1007625B4 /* UIButton+.swift */ = {isa = PBXFileReference; fileEncoding = 4; lastKnownFileType = sourcecode.swift; path = "UIButton+.swift"; sourceTree = "<group>"; };
		0EBFAA0E29011CA1007625B4 /* CGAffineTransform+.swift */ = {isa = PBXFileReference; fileEncoding = 4; lastKnownFileType = sourcecode.swift; path = "CGAffineTransform+.swift"; sourceTree = "<group>"; };
		0EBFAA0F29011CA1007625B4 /* Duration+.swift */ = {isa = PBXFileReference; fileEncoding = 4; lastKnownFileType = sourcecode.swift; path = "Duration+.swift"; sourceTree = "<group>"; };
		0EBFAA1029011CA1007625B4 /* AVAsset+.swift */ = {isa = PBXFileReference; fileEncoding = 4; lastKnownFileType = sourcecode.swift; path = "AVAsset+.swift"; sourceTree = "<group>"; };
		0EBFAA1129011CA1007625B4 /* FileManager+.swift */ = {isa = PBXFileReference; fileEncoding = 4; lastKnownFileType = sourcecode.swift; path = "FileManager+.swift"; sourceTree = "<group>"; };
		0EBFAA1229011CA1007625B4 /* UIFont+.swift */ = {isa = PBXFileReference; fileEncoding = 4; lastKnownFileType = sourcecode.swift; path = "UIFont+.swift"; sourceTree = "<group>"; };
		0EBFAA1329011CA1007625B4 /* UIView+.swift */ = {isa = PBXFileReference; fileEncoding = 4; lastKnownFileType = sourcecode.swift; path = "UIView+.swift"; sourceTree = "<group>"; };
		0EBFAA1429011CA1007625B4 /* UIImage+.swift */ = {isa = PBXFileReference; fileEncoding = 4; lastKnownFileType = sourcecode.swift; path = "UIImage+.swift"; sourceTree = "<group>"; };
		0EBFAA1529011CA1007625B4 /* UIViewController+.swift */ = {isa = PBXFileReference; fileEncoding = 4; lastKnownFileType = sourcecode.swift; path = "UIViewController+.swift"; sourceTree = "<group>"; };
		0EBFAA1629011CA1007625B4 /* Date+.swift */ = {isa = PBXFileReference; fileEncoding = 4; lastKnownFileType = sourcecode.swift; path = "Date+.swift"; sourceTree = "<group>"; };
		0EBFAA1729011CA2007625B4 /* UILabel+.swift */ = {isa = PBXFileReference; fileEncoding = 4; lastKnownFileType = sourcecode.swift; path = "UILabel+.swift"; sourceTree = "<group>"; };
		0EBFAA2829012E73007625B4 /* PromptViewController.swift */ = {isa = PBXFileReference; lastKnownFileType = sourcecode.swift; path = PromptViewController.swift; sourceTree = "<group>"; };
		541F8295E71A9BB02675FC3C /* Pods-CandidCamera.debug.xcconfig */ = {isa = PBXFileReference; includeInIndex = 1; lastKnownFileType = text.xcconfig; name = "Pods-CandidCamera.debug.xcconfig"; path = "Target Support Files/Pods-CandidCamera/Pods-CandidCamera.debug.xcconfig"; sourceTree = "<group>"; };
		BA802B5BDC119A92B776397A /* Pods_CandidCamera.framework */ = {isa = PBXFileReference; explicitFileType = wrapper.framework; includeInIndex = 0; path = Pods_CandidCamera.framework; sourceTree = BUILT_PRODUCTS_DIR; };
		BC1235D2A75485A6D7ADC722 /* Pods-CandidCamera.release.xcconfig */ = {isa = PBXFileReference; includeInIndex = 1; lastKnownFileType = text.xcconfig; name = "Pods-CandidCamera.release.xcconfig"; path = "Target Support Files/Pods-CandidCamera/Pods-CandidCamera.release.xcconfig"; sourceTree = "<group>"; };
/* End PBXFileReference section */

/* Begin PBXFrameworksBuildPhase section */
		0EBFA9EB290118F6007625B4 /* Frameworks */ = {
			isa = PBXFrameworksBuildPhase;
			buildActionMask = 2147483647;
			files = (
				EE8967DF0AA56664FD986B6E /* Pods_CandidCamera.framework in Frameworks */,
			);
			runOnlyForDeploymentPostprocessing = 0;
		};
/* End PBXFrameworksBuildPhase section */

/* Begin PBXGroup section */
		0EBFA9E5290118F6007625B4 = {
			isa = PBXGroup;
			children = (
				0EBFA9F0290118F6007625B4 /* CandidCamera */,
				0EBFA9EF290118F6007625B4 /* Products */,
				7A0FB5EC646FE5BC020DB408 /* Pods */,
				10D8A61E64D7820CD569CE8D /* Frameworks */,
			);
			sourceTree = "<group>";
		};
		0EBFA9EF290118F6007625B4 /* Products */ = {
			isa = PBXGroup;
			children = (
				0EBFA9EE290118F6007625B4 /* CandidCamera.app */,
			);
			name = Products;
			sourceTree = "<group>";
		};
		0EBFA9F0290118F6007625B4 /* CandidCamera */ = {
			isa = PBXGroup;
			children = (
				0EBFA9F1290118F6007625B4 /* AppDelegate.swift */,
				0EBFA9F3290118F6007625B4 /* SceneDelegate.swift */,
				0EBFA9F5290118F6007625B4 /* ViewController.swift */,
				0EBFAA2829012E73007625B4 /* PromptViewController.swift */,
				0EBFAA0529011AEF007625B4 /* NextLevelSessionController.swift */,
				0EBFAA0729011C8F007625B4 /* Extensions */,
				0EBFA9F7290118F6007625B4 /* Main.storyboard */,
				0EBFA9FA290118F8007625B4 /* Assets.xcassets */,
				0EBFA9FC290118F8007625B4 /* LaunchScreen.storyboard */,
				0EBFA9FF290118F8007625B4 /* Info.plist */,
			);
			path = CandidCamera;
			sourceTree = "<group>";
		};
		0EBFAA0729011C8F007625B4 /* Extensions */ = {
			isa = PBXGroup;
			children = (
				0EBFAA1029011CA1007625B4 /* AVAsset+.swift */,
				0EBFAA0E29011CA1007625B4 /* CGAffineTransform+.swift */,
				0EBFAA1629011CA1007625B4 /* Date+.swift */,
				0EBFAA0F29011CA1007625B4 /* Duration+.swift */,
				0EBFAA1129011CA1007625B4 /* FileManager+.swift */,
				0EBFAA0929011CA1007625B4 /* String+.swift */,
				0EBFAA0A29011CA1007625B4 /* TimeInterval+.swift */,
				0EBFAA0D29011CA1007625B4 /* UIButton+.swift */,
				0EBFAA1229011CA1007625B4 /* UIFont+.swift */,
				0EBFAA1429011CA1007625B4 /* UIImage+.swift */,
				0EBFAA1729011CA2007625B4 /* UILabel+.swift */,
				0EBFAA0829011CA1007625B4 /* UIScrollView+.swift */,
				0EBFAA0B29011CA1007625B4 /* UIStackView+.swift */,
				0EBFAA1329011CA1007625B4 /* UIView+.swift */,
				0EBFAA1529011CA1007625B4 /* UIViewController+.swift */,
				0EBFAA0C29011CA1007625B4 /* UUID+.swift */,
			);
			path = Extensions;
			sourceTree = "<group>";
		};
		10D8A61E64D7820CD569CE8D /* Frameworks */ = {
			isa = PBXGroup;
			children = (
				BA802B5BDC119A92B776397A /* Pods_CandidCamera.framework */,
			);
			name = Frameworks;
			sourceTree = "<group>";
		};
		7A0FB5EC646FE5BC020DB408 /* Pods */ = {
			isa = PBXGroup;
			children = (
				541F8295E71A9BB02675FC3C /* Pods-CandidCamera.debug.xcconfig */,
				BC1235D2A75485A6D7ADC722 /* Pods-CandidCamera.release.xcconfig */,
			);
			path = Pods;
			sourceTree = "<group>";
		};
/* End PBXGroup section */

/* Begin PBXNativeTarget section */
		0EBFA9ED290118F6007625B4 /* CandidCamera */ = {
			isa = PBXNativeTarget;
			buildConfigurationList = 0EBFAA02290118F8007625B4 /* Build configuration list for PBXNativeTarget "CandidCamera" */;
			buildPhases = (
				5EE9B9F653B8FE215F84FDBC /* [CP] Check Pods Manifest.lock */,
				0EBFA9EA290118F6007625B4 /* Sources */,
				0EBFA9EB290118F6007625B4 /* Frameworks */,
				0EBFA9EC290118F6007625B4 /* Resources */,
				4567329613FF7F52432BB3F4 /* [CP] Embed Pods Frameworks */,
			);
			buildRules = (
			);
			dependencies = (
			);
			name = CandidCamera;
			productName = CandidCamera;
			productReference = 0EBFA9EE290118F6007625B4 /* CandidCamera.app */;
			productType = "com.apple.product-type.application";
		};
/* End PBXNativeTarget section */

/* Begin PBXProject section */
		0EBFA9E6290118F6007625B4 /* Project object */ = {
			isa = PBXProject;
			attributes = {
				BuildIndependentTargetsInParallel = 1;
				LastSwiftUpdateCheck = 1340;
				LastUpgradeCheck = 1340;
				TargetAttributes = {
					0EBFA9ED290118F6007625B4 = {
						CreatedOnToolsVersion = 13.4.1;
					};
				};
			};
			buildConfigurationList = 0EBFA9E9290118F6007625B4 /* Build configuration list for PBXProject "CandidCamera" */;
			compatibilityVersion = "Xcode 13.0";
			developmentRegion = en;
			hasScannedForEncodings = 0;
			knownRegions = (
				en,
				Base,
			);
			mainGroup = 0EBFA9E5290118F6007625B4;
			productRefGroup = 0EBFA9EF290118F6007625B4 /* Products */;
			projectDirPath = "";
			projectRoot = "";
			targets = (
				0EBFA9ED290118F6007625B4 /* CandidCamera */,
			);
		};
/* End PBXProject section */

/* Begin PBXResourcesBuildPhase section */
		0EBFA9EC290118F6007625B4 /* Resources */ = {
			isa = PBXResourcesBuildPhase;
			buildActionMask = 2147483647;
			files = (
				0EBFA9FE290118F8007625B4 /* LaunchScreen.storyboard in Resources */,
				0EBFA9FB290118F8007625B4 /* Assets.xcassets in Resources */,
				0EBFA9F9290118F6007625B4 /* Main.storyboard in Resources */,
			);
			runOnlyForDeploymentPostprocessing = 0;
		};
/* End PBXResourcesBuildPhase section */

/* Begin PBXShellScriptBuildPhase section */
		4567329613FF7F52432BB3F4 /* [CP] Embed Pods Frameworks */ = {
			isa = PBXShellScriptBuildPhase;
			buildActionMask = 2147483647;
			files = (
			);
			inputFileListPaths = (
				"${PODS_ROOT}/Target Support Files/Pods-CandidCamera/Pods-CandidCamera-frameworks-${CONFIGURATION}-input-files.xcfilelist",
			);
			name = "[CP] Embed Pods Frameworks";
			outputFileListPaths = (
				"${PODS_ROOT}/Target Support Files/Pods-CandidCamera/Pods-CandidCamera-frameworks-${CONFIGURATION}-output-files.xcfilelist",
			);
			runOnlyForDeploymentPostprocessing = 0;
			shellPath = /bin/sh;
			shellScript = "\"${PODS_ROOT}/Target Support Files/Pods-CandidCamera/Pods-CandidCamera-frameworks.sh\"\n";
			showEnvVarsInLog = 0;
		};
		5EE9B9F653B8FE215F84FDBC /* [CP] Check Pods Manifest.lock */ = {
			isa = PBXShellScriptBuildPhase;
			buildActionMask = 2147483647;
			files = (
			);
			inputFileListPaths = (
			);
			inputPaths = (
				"${PODS_PODFILE_DIR_PATH}/Podfile.lock",
				"${PODS_ROOT}/Manifest.lock",
			);
			name = "[CP] Check Pods Manifest.lock";
			outputFileListPaths = (
			);
			outputPaths = (
				"$(DERIVED_FILE_DIR)/Pods-CandidCamera-checkManifestLockResult.txt",
			);
			runOnlyForDeploymentPostprocessing = 0;
			shellPath = /bin/sh;
			shellScript = "diff \"${PODS_PODFILE_DIR_PATH}/Podfile.lock\" \"${PODS_ROOT}/Manifest.lock\" > /dev/null\nif [ $? != 0 ] ; then\n    # print error to STDERR\n    echo \"error: The sandbox is not in sync with the Podfile.lock. Run 'pod install' or update your CocoaPods installation.\" >&2\n    exit 1\nfi\n# This output is used by Xcode 'outputs' to avoid re-running this script phase.\necho \"SUCCESS\" > \"${SCRIPT_OUTPUT_FILE_0}\"\n";
			showEnvVarsInLog = 0;
		};
/* End PBXShellScriptBuildPhase section */

/* Begin PBXSourcesBuildPhase section */
		0EBFA9EA290118F6007625B4 /* Sources */ = {
			isa = PBXSourcesBuildPhase;
			buildActionMask = 2147483647;
			files = (
				0EBFAA0629011AEF007625B4 /* NextLevelSessionController.swift in Sources */,
				0EBFA9F6290118F6007625B4 /* ViewController.swift in Sources */,
				0EBFAA2729011CA2007625B4 /* UILabel+.swift in Sources */,
				0EBFAA1A29011CA2007625B4 /* TimeInterval+.swift in Sources */,
				0EBFAA2429011CA2007625B4 /* UIImage+.swift in Sources */,
				0EBFAA2129011CA2007625B4 /* FileManager+.swift in Sources */,
				0EBFAA2029011CA2007625B4 /* AVAsset+.swift in Sources */,
				0EBFAA1F29011CA2007625B4 /* Duration+.swift in Sources */,
				0EBFAA1829011CA2007625B4 /* UIScrollView+.swift in Sources */,
				0EBFAA2229011CA2007625B4 /* UIFont+.swift in Sources */,
				0EBFA9F2290118F6007625B4 /* AppDelegate.swift in Sources */,
				0EBFAA1929011CA2007625B4 /* String+.swift in Sources */,
				0EBFAA2929012E73007625B4 /* PromptViewController.swift in Sources */,
				0EBFA9F4290118F6007625B4 /* SceneDelegate.swift in Sources */,
				0EBFAA2629011CA2007625B4 /* Date+.swift in Sources */,
				0EBFAA1B29011CA2007625B4 /* UIStackView+.swift in Sources */,
				0EBFAA2329011CA2007625B4 /* UIView+.swift in Sources */,
				0EBFAA2529011CA2007625B4 /* UIViewController+.swift in Sources */,
				0EBFAA1E29011CA2007625B4 /* CGAffineTransform+.swift in Sources */,
				0EBFAA1C29011CA2007625B4 /* UUID+.swift in Sources */,
				0EBFAA1D29011CA2007625B4 /* UIButton+.swift in Sources */,
			);
			runOnlyForDeploymentPostprocessing = 0;
		};
/* End PBXSourcesBuildPhase section */

/* Begin PBXVariantGroup section */
		0EBFA9F7290118F6007625B4 /* Main.storyboard */ = {
			isa = PBXVariantGroup;
			children = (
				0EBFA9F8290118F6007625B4 /* Base */,
			);
			name = Main.storyboard;
			sourceTree = "<group>";
		};
		0EBFA9FC290118F8007625B4 /* LaunchScreen.storyboard */ = {
			isa = PBXVariantGroup;
			children = (
				0EBFA9FD290118F8007625B4 /* Base */,
			);
			name = LaunchScreen.storyboard;
			sourceTree = "<group>";
		};
/* End PBXVariantGroup section */

/* Begin XCBuildConfiguration section */
		0EBFAA00290118F8007625B4 /* Debug */ = {
			isa = XCBuildConfiguration;
			buildSettings = {
				ALWAYS_SEARCH_USER_PATHS = NO;
				CLANG_ANALYZER_NONNULL = YES;
				CLANG_ANALYZER_NUMBER_OBJECT_CONVERSION = YES_AGGRESSIVE;
				CLANG_CXX_LANGUAGE_STANDARD = "gnu++17";
				CLANG_ENABLE_MODULES = YES;
				CLANG_ENABLE_OBJC_ARC = YES;
				CLANG_ENABLE_OBJC_WEAK = YES;
				CLANG_WARN_BLOCK_CAPTURE_AUTORELEASING = YES;
				CLANG_WARN_BOOL_CONVERSION = YES;
				CLANG_WARN_COMMA = YES;
				CLANG_WARN_CONSTANT_CONVERSION = YES;
				CLANG_WARN_DEPRECATED_OBJC_IMPLEMENTATIONS = YES;
				CLANG_WARN_DIRECT_OBJC_ISA_USAGE = YES_ERROR;
				CLANG_WARN_DOCUMENTATION_COMMENTS = YES;
				CLANG_WARN_EMPTY_BODY = YES;
				CLANG_WARN_ENUM_CONVERSION = YES;
				CLANG_WARN_INFINITE_RECURSION = YES;
				CLANG_WARN_INT_CONVERSION = YES;
				CLANG_WARN_NON_LITERAL_NULL_CONVERSION = YES;
				CLANG_WARN_OBJC_IMPLICIT_RETAIN_SELF = YES;
				CLANG_WARN_OBJC_LITERAL_CONVERSION = YES;
				CLANG_WARN_OBJC_ROOT_CLASS = YES_ERROR;
				CLANG_WARN_QUOTED_INCLUDE_IN_FRAMEWORK_HEADER = YES;
				CLANG_WARN_RANGE_LOOP_ANALYSIS = YES;
				CLANG_WARN_STRICT_PROTOTYPES = YES;
				CLANG_WARN_SUSPICIOUS_MOVE = YES;
				CLANG_WARN_UNGUARDED_AVAILABILITY = YES_AGGRESSIVE;
				CLANG_WARN_UNREACHABLE_CODE = YES;
				CLANG_WARN__DUPLICATE_METHOD_MATCH = YES;
				COPY_PHASE_STRIP = NO;
				DEBUG_INFORMATION_FORMAT = dwarf;
				ENABLE_STRICT_OBJC_MSGSEND = YES;
				ENABLE_TESTABILITY = YES;
				GCC_C_LANGUAGE_STANDARD = gnu11;
				GCC_DYNAMIC_NO_PIC = NO;
				GCC_NO_COMMON_BLOCKS = YES;
				GCC_OPTIMIZATION_LEVEL = 0;
				GCC_PREPROCESSOR_DEFINITIONS = (
					"DEBUG=1",
					"$(inherited)",
				);
				GCC_WARN_64_TO_32_BIT_CONVERSION = YES;
				GCC_WARN_ABOUT_RETURN_TYPE = YES_ERROR;
				GCC_WARN_UNDECLARED_SELECTOR = YES;
				GCC_WARN_UNINITIALIZED_AUTOS = YES_AGGRESSIVE;
				GCC_WARN_UNUSED_FUNCTION = YES;
				GCC_WARN_UNUSED_VARIABLE = YES;
				IPHONEOS_DEPLOYMENT_TARGET = 15.5;
				MTL_ENABLE_DEBUG_INFO = INCLUDE_SOURCE;
				MTL_FAST_MATH = YES;
				ONLY_ACTIVE_ARCH = YES;
				SDKROOT = iphoneos;
				SWIFT_ACTIVE_COMPILATION_CONDITIONS = DEBUG;
				SWIFT_OPTIMIZATION_LEVEL = "-Onone";
			};
			name = Debug;
		};
		0EBFAA01290118F8007625B4 /* Release */ = {
			isa = XCBuildConfiguration;
			buildSettings = {
				ALWAYS_SEARCH_USER_PATHS = NO;
				CLANG_ANALYZER_NONNULL = YES;
				CLANG_ANALYZER_NUMBER_OBJECT_CONVERSION = YES_AGGRESSIVE;
				CLANG_CXX_LANGUAGE_STANDARD = "gnu++17";
				CLANG_ENABLE_MODULES = YES;
				CLANG_ENABLE_OBJC_ARC = YES;
				CLANG_ENABLE_OBJC_WEAK = YES;
				CLANG_WARN_BLOCK_CAPTURE_AUTORELEASING = YES;
				CLANG_WARN_BOOL_CONVERSION = YES;
				CLANG_WARN_COMMA = YES;
				CLANG_WARN_CONSTANT_CONVERSION = YES;
				CLANG_WARN_DEPRECATED_OBJC_IMPLEMENTATIONS = YES;
				CLANG_WARN_DIRECT_OBJC_ISA_USAGE = YES_ERROR;
				CLANG_WARN_DOCUMENTATION_COMMENTS = YES;
				CLANG_WARN_EMPTY_BODY = YES;
				CLANG_WARN_ENUM_CONVERSION = YES;
				CLANG_WARN_INFINITE_RECURSION = YES;
				CLANG_WARN_INT_CONVERSION = YES;
				CLANG_WARN_NON_LITERAL_NULL_CONVERSION = YES;
				CLANG_WARN_OBJC_IMPLICIT_RETAIN_SELF = YES;
				CLANG_WARN_OBJC_LITERAL_CONVERSION = YES;
				CLANG_WARN_OBJC_ROOT_CLASS = YES_ERROR;
				CLANG_WARN_QUOTED_INCLUDE_IN_FRAMEWORK_HEADER = YES;
				CLANG_WARN_RANGE_LOOP_ANALYSIS = YES;
				CLANG_WARN_STRICT_PROTOTYPES = YES;
				CLANG_WARN_SUSPICIOUS_MOVE = YES;
				CLANG_WARN_UNGUARDED_AVAILABILITY = YES_AGGRESSIVE;
				CLANG_WARN_UNREACHABLE_CODE = YES;
				CLANG_WARN__DUPLICATE_METHOD_MATCH = YES;
				COPY_PHASE_STRIP = NO;
				DEBUG_INFORMATION_FORMAT = "dwarf-with-dsym";
				ENABLE_NS_ASSERTIONS = NO;
				ENABLE_STRICT_OBJC_MSGSEND = YES;
				GCC_C_LANGUAGE_STANDARD = gnu11;
				GCC_NO_COMMON_BLOCKS = YES;
				GCC_WARN_64_TO_32_BIT_CONVERSION = YES;
				GCC_WARN_ABOUT_RETURN_TYPE = YES_ERROR;
				GCC_WARN_UNDECLARED_SELECTOR = YES;
				GCC_WARN_UNINITIALIZED_AUTOS = YES_AGGRESSIVE;
				GCC_WARN_UNUSED_FUNCTION = YES;
				GCC_WARN_UNUSED_VARIABLE = YES;
				IPHONEOS_DEPLOYMENT_TARGET = 15.5;
				MTL_ENABLE_DEBUG_INFO = NO;
				MTL_FAST_MATH = YES;
				SDKROOT = iphoneos;
				SWIFT_COMPILATION_MODE = wholemodule;
				SWIFT_OPTIMIZATION_LEVEL = "-O";
				VALIDATE_PRODUCT = YES;
			};
			name = Release;
		};
		0EBFAA03290118F8007625B4 /* Debug */ = {
			isa = XCBuildConfiguration;
			baseConfigurationReference = 541F8295E71A9BB02675FC3C /* Pods-CandidCamera.debug.xcconfig */;
			buildSettings = {
				ASSETCATALOG_COMPILER_APPICON_NAME = AppIcon;
				ASSETCATALOG_COMPILER_GLOBAL_ACCENT_COLOR_NAME = AccentColor;
				CODE_SIGN_STYLE = Automatic;
				CURRENT_PROJECT_VERSION = 1;
				DEVELOPMENT_TEAM = 59SVXWFZ98;
				GENERATE_INFOPLIST_FILE = YES;
				INFOPLIST_FILE = CandidCamera/Info.plist;
				INFOPLIST_KEY_NSCameraUsageDescription = "Candid Camera needs permission to access the camera to record videos.";
				INFOPLIST_KEY_NSMicrophoneUsageDescription = "Candid Camera needs permission to record audio for recording videos.";
				INFOPLIST_KEY_NSPhotoLibraryAddUsageDescription = "Candid Camera needs access to the photo library so that it can save the recorded video.";
				INFOPLIST_KEY_UIApplicationSupportsIndirectInputEvents = YES;
				INFOPLIST_KEY_UILaunchStoryboardName = LaunchScreen;
				INFOPLIST_KEY_UIMainStoryboardFile = Main;
				INFOPLIST_KEY_UISupportedInterfaceOrientations = "UIInterfaceOrientationPortrait UIInterfaceOrientationPortraitUpsideDown UIInterfaceOrientationLandscapeRight UIInterfaceOrientationLandscapeLeft";
				INFOPLIST_KEY_UISupportedInterfaceOrientations_iPad = "UIInterfaceOrientationPortrait UIInterfaceOrientationPortraitUpsideDown UIInterfaceOrientationLandscapeLeft UIInterfaceOrientationLandscapeRight";
				INFOPLIST_KEY_UISupportedInterfaceOrientations_iPhone = "UIInterfaceOrientationPortrait UIInterfaceOrientationLandscapeLeft UIInterfaceOrientationLandscapeRight";
				LD_RUNPATH_SEARCH_PATHS = (
					"$(inherited)",
					"@executable_path/Frameworks",
				);
				MARKETING_VERSION = 1.0;
				PRODUCT_BUNDLE_IDENTIFIER = kim.june.CandidCamera;
				PRODUCT_NAME = "$(TARGET_NAME)";
				SWIFT_EMIT_LOC_STRINGS = YES;
				SWIFT_VERSION = 5.0;
				TARGETED_DEVICE_FAMILY = "1,2";
			};
			name = Debug;
		};
		0EBFAA04290118F8007625B4 /* Release */ = {
			isa = XCBuildConfiguration;
			baseConfigurationReference = BC1235D2A75485A6D7ADC722 /* Pods-CandidCamera.release.xcconfig */;
			buildSettings = {
				ASSETCATALOG_COMPILER_APPICON_NAME = AppIcon;
				ASSETCATALOG_COMPILER_GLOBAL_ACCENT_COLOR_NAME = AccentColor;
				CODE_SIGN_STYLE = Automatic;
				CURRENT_PROJECT_VERSION = 1;
				DEVELOPMENT_TEAM = 59SVXWFZ98;
				GENERATE_INFOPLIST_FILE = YES;
				INFOPLIST_FILE = CandidCamera/Info.plist;
				INFOPLIST_KEY_NSCameraUsageDescription = "Candid Camera needs permission to access the camera to record videos.";
				INFOPLIST_KEY_NSMicrophoneUsageDescription = "Candid Camera needs permission to record audio for recording videos.";
				INFOPLIST_KEY_NSPhotoLibraryAddUsageDescription = "Candid Camera needs access to the photo library so that it can save the recorded video.";
				INFOPLIST_KEY_UIApplicationSupportsIndirectInputEvents = YES;
				INFOPLIST_KEY_UILaunchStoryboardName = LaunchScreen;
				INFOPLIST_KEY_UIMainStoryboardFile = Main;
				INFOPLIST_KEY_UISupportedInterfaceOrientations = "UIInterfaceOrientationPortrait UIInterfaceOrientationPortraitUpsideDown UIInterfaceOrientationLandscapeRight UIInterfaceOrientationLandscapeLeft";
				INFOPLIST_KEY_UISupportedInterfaceOrientations_iPad = "UIInterfaceOrientationPortrait UIInterfaceOrientationPortraitUpsideDown UIInterfaceOrientationLandscapeLeft UIInterfaceOrientationLandscapeRight";
				INFOPLIST_KEY_UISupportedInterfaceOrientations_iPhone = "UIInterfaceOrientationPortrait UIInterfaceOrientationLandscapeLeft UIInterfaceOrientationLandscapeRight";
				LD_RUNPATH_SEARCH_PATHS = (
					"$(inherited)",
					"@executable_path/Frameworks",
				);
				MARKETING_VERSION = 1.0;
				PRODUCT_BUNDLE_IDENTIFIER = kim.june.CandidCamera;
				PRODUCT_NAME = "$(TARGET_NAME)";
				SWIFT_EMIT_LOC_STRINGS = YES;
				SWIFT_VERSION = 5.0;
				TARGETED_DEVICE_FAMILY = "1,2";
			};
			name = Release;
		};
/* End XCBuildConfiguration section */

/* Begin XCConfigurationList section */
		0EBFA9E9290118F6007625B4 /* Build configuration list for PBXProject "CandidCamera" */ = {
			isa = XCConfigurationList;
			buildConfigurations = (
				0EBFAA00290118F8007625B4 /* Debug */,
				0EBFAA01290118F8007625B4 /* Release */,
			);
			defaultConfigurationIsVisible = 0;
			defaultConfigurationName = Release;
		};
		0EBFAA02290118F8007625B4 /* Build configuration list for PBXNativeTarget "CandidCamera" */ = {
			isa = XCConfigurationList;
			buildConfigurations = (
				0EBFAA03290118F8007625B4 /* Debug */,
				0EBFAA04290118F8007625B4 /* Release */,
			);
			defaultConfigurationIsVisible = 0;
			defaultConfigurationName = Release;
		};
/* End XCConfigurationList section */
	};
	rootObject = 0EBFA9E6290118F6007625B4 /* Project object */;
}
